// !$*UTF8*$!
{
	archiveVersion = 1;
	classes = {
	};
	objectVersion = 50;
	objects = {

/* Begin PBXBuildFile section */
		B320225921C3CD96009CE08C /* AppDelegate.swift in Sources */ = {isa = PBXBuildFile; fileRef = B320225821C3CD96009CE08C /* AppDelegate.swift */; };
		B320225B21C3CD96009CE08C /* ViewController.swift in Sources */ = {isa = PBXBuildFile; fileRef = B320225A21C3CD96009CE08C /* ViewController.swift */; };
		B320225E21C3CD97009CE08C /* Main.storyboard in Resources */ = {isa = PBXBuildFile; fileRef = B320225C21C3CD97009CE08C /* Main.storyboard */; };
		B320226021C3CDCA009CE08C /* Assets.xcassets in Resources */ = {isa = PBXBuildFile; fileRef = B320225F21C3CDCA009CE08C /* Assets.xcassets */; };
		B320226321C3CDCA009CE08C /* LaunchScreen.storyboard in Resources */ = {isa = PBXBuildFile; fileRef = B320226121C3CDCA009CE08C /* LaunchScreen.storyboard */; };
		B34403F321C688F00091666F /* TrainingDayCell.swift in Sources */ = {isa = PBXBuildFile; fileRef = B34403F221C688F00091666F /* TrainingDayCell.swift */; };
		B34403F921C689840091666F /* StepCell.swift in Sources */ = {isa = PBXBuildFile; fileRef = B34403F821C689840091666F /* StepCell.swift */; };
		B34403FB21C689B60091666F /* WaterCell.swift in Sources */ = {isa = PBXBuildFile; fileRef = B34403FA21C689B60091666F /* WaterCell.swift */; };
		B34403FD21C689FA0091666F /* NutritionCell.swift in Sources */ = {isa = PBXBuildFile; fileRef = B34403FC21C689FA0091666F /* NutritionCell.swift */; };
		B34403FF21C68A570091666F /* BodyMeasurementCell.swift in Sources */ = {isa = PBXBuildFile; fileRef = B34403FE21C68A570091666F /* BodyMeasurementCell.swift */; };
		B344040221C68ACF0091666F /* DefaultSectionHeader.swift in Sources */ = {isa = PBXBuildFile; fileRef = B344040121C68ACF0091666F /* DefaultSectionHeader.swift */; };
		B344040621C68C550091666F /* BodyMeasurementHeader.swift in Sources */ = {isa = PBXBuildFile; fileRef = B344040521C68C550091666F /* BodyMeasurementHeader.swift */; };
		B344040921C68C9C0091666F /* BodyMeasurementFooter.swift in Sources */ = {isa = PBXBuildFile; fileRef = B344040821C68C9C0091666F /* BodyMeasurementFooter.swift */; };
		B344041021C6A4250091666F /* CellConfigurator.swift in Sources */ = {isa = PBXBuildFile; fileRef = B344040F21C6A4250091666F /* CellConfigurator.swift */; };
		B344041321C6A79A0091666F /* TrainingDay.swift in Sources */ = {isa = PBXBuildFile; fileRef = B344041221C6A79A0091666F /* TrainingDay.swift */; };
		B344041521C6A95E0091666F /* Steps.swift in Sources */ = {isa = PBXBuildFile; fileRef = B344041421C6A95E0091666F /* Steps.swift */; };
		B344041721C6A97B0091666F /* Water.swift in Sources */ = {isa = PBXBuildFile; fileRef = B344041621C6A97B0091666F /* Water.swift */; };
		B344041921C6A9850091666F /* Measurement.swift in Sources */ = {isa = PBXBuildFile; fileRef = B344041821C6A9850091666F /* Measurement.swift */; };
		B344041B21C6A9910091666F /* MeasurementPeriod.swift in Sources */ = {isa = PBXBuildFile; fileRef = B344041A21C6A9910091666F /* MeasurementPeriod.swift */; };
		B344041F21C6AD050091666F /* TableViewModel.swift in Sources */ = {isa = PBXBuildFile; fileRef = B344041E21C6AD050091666F /* TableViewModel.swift */; };
		B344042321C6BD8E0091666F /* ProgressView.swift in Sources */ = {isa = PBXBuildFile; fileRef = B344042221C6BD8E0091666F /* ProgressView.swift */; };
		B344042521C6BDC10091666F /* ProgressView.xib in Resources */ = {isa = PBXBuildFile; fileRef = B344042421C6BDC10091666F /* ProgressView.xib */; };
		B344042721C6CADF0091666F /* RoundButton.swift in Sources */ = {isa = PBXBuildFile; fileRef = B344042621C6CADF0091666F /* RoundButton.swift */; };
		B3D9999721C3DABA005838EC /* CalendarDateCell.swift in Sources */ = {isa = PBXBuildFile; fileRef = B3D9999621C3DABA005838EC /* CalendarDateCell.swift */; };
		B3D9999921C3DBA4005838EC /* CalendarCell.swift in Sources */ = {isa = PBXBuildFile; fileRef = B3D9999821C3DBA4005838EC /* CalendarCell.swift */; };
		B3D9999B21C3DC48005838EC /* ConfigurableCell.swift in Sources */ = {isa = PBXBuildFile; fileRef = B3D9999A21C3DC48005838EC /* ConfigurableCell.swift */; };
		DF3C1EA0D676E4225E73C481 /* Pods_Fitness_Test_App.framework in Frameworks */ = {isa = PBXBuildFile; fileRef = 6D712A77BA2FFCE942688447 /* Pods_Fitness_Test_App.framework */; };
/* End PBXBuildFile section */

/* Begin PBXFileReference section */
		6CB4B6A6D46582A96DCE3797 /* Pods-Fitness Test App.debug.xcconfig */ = {isa = PBXFileReference; includeInIndex = 1; lastKnownFileType = text.xcconfig; name = "Pods-Fitness Test App.debug.xcconfig"; path = "Target Support Files/Pods-Fitness Test App/Pods-Fitness Test App.debug.xcconfig"; sourceTree = "<group>"; };
		6D712A77BA2FFCE942688447 /* Pods_Fitness_Test_App.framework */ = {isa = PBXFileReference; explicitFileType = wrapper.framework; includeInIndex = 0; path = Pods_Fitness_Test_App.framework; sourceTree = BUILT_PRODUCTS_DIR; };
		B320225521C3CD96009CE08C /* Fitness Test App.app */ = {isa = PBXFileReference; explicitFileType = wrapper.application; includeInIndex = 0; path = "Fitness Test App.app"; sourceTree = BUILT_PRODUCTS_DIR; };
		B320225821C3CD96009CE08C /* AppDelegate.swift */ = {isa = PBXFileReference; lastKnownFileType = sourcecode.swift; path = AppDelegate.swift; sourceTree = "<group>"; };
		B320225A21C3CD96009CE08C /* ViewController.swift */ = {isa = PBXFileReference; lastKnownFileType = sourcecode.swift; path = ViewController.swift; sourceTree = "<group>"; };
		B320225D21C3CD97009CE08C /* Base */ = {isa = PBXFileReference; lastKnownFileType = file.storyboard; name = Base; path = Base.lproj/Main.storyboard; sourceTree = "<group>"; };
		B320225F21C3CDCA009CE08C /* Assets.xcassets */ = {isa = PBXFileReference; lastKnownFileType = folder.assetcatalog; path = Assets.xcassets; sourceTree = "<group>"; };
		B320226221C3CDCA009CE08C /* Base */ = {isa = PBXFileReference; lastKnownFileType = file.storyboard; name = Base; path = Base.lproj/LaunchScreen.storyboard; sourceTree = "<group>"; };
		B320226421C3CDCB009CE08C /* Info.plist */ = {isa = PBXFileReference; lastKnownFileType = text.plist.xml; path = Info.plist; sourceTree = "<group>"; };
		B34403F221C688F00091666F /* TrainingDayCell.swift */ = {isa = PBXFileReference; lastKnownFileType = sourcecode.swift; path = TrainingDayCell.swift; sourceTree = "<group>"; };
		B34403F821C689840091666F /* StepCell.swift */ = {isa = PBXFileReference; lastKnownFileType = sourcecode.swift; path = StepCell.swift; sourceTree = "<group>"; };
		B34403FA21C689B60091666F /* WaterCell.swift */ = {isa = PBXFileReference; lastKnownFileType = sourcecode.swift; path = WaterCell.swift; sourceTree = "<group>"; };
		B34403FC21C689FA0091666F /* NutritionCell.swift */ = {isa = PBXFileReference; lastKnownFileType = sourcecode.swift; path = NutritionCell.swift; sourceTree = "<group>"; };
		B34403FE21C68A570091666F /* BodyMeasurementCell.swift */ = {isa = PBXFileReference; lastKnownFileType = sourcecode.swift; path = BodyMeasurementCell.swift; sourceTree = "<group>"; };
		B344040121C68ACF0091666F /* DefaultSectionHeader.swift */ = {isa = PBXFileReference; lastKnownFileType = sourcecode.swift; path = DefaultSectionHeader.swift; sourceTree = "<group>"; };
		B344040521C68C550091666F /* BodyMeasurementHeader.swift */ = {isa = PBXFileReference; lastKnownFileType = sourcecode.swift; path = BodyMeasurementHeader.swift; sourceTree = "<group>"; };
		B344040821C68C9C0091666F /* BodyMeasurementFooter.swift */ = {isa = PBXFileReference; lastKnownFileType = sourcecode.swift; path = BodyMeasurementFooter.swift; sourceTree = "<group>"; };
		B344040F21C6A4250091666F /* CellConfigurator.swift */ = {isa = PBXFileReference; lastKnownFileType = sourcecode.swift; path = CellConfigurator.swift; sourceTree = "<group>"; };
		B344041221C6A79A0091666F /* TrainingDay.swift */ = {isa = PBXFileReference; lastKnownFileType = sourcecode.swift; path = TrainingDay.swift; sourceTree = "<group>"; };
		B344041421C6A95E0091666F /* Steps.swift */ = {isa = PBXFileReference; lastKnownFileType = sourcecode.swift; path = Steps.swift; sourceTree = "<group>"; };
		B344041621C6A97B0091666F /* Water.swift */ = {isa = PBXFileReference; lastKnownFileType = sourcecode.swift; path = Water.swift; sourceTree = "<group>"; };
		B344041821C6A9850091666F /* Measurement.swift */ = {isa = PBXFileReference; lastKnownFileType = sourcecode.swift; path = Measurement.swift; sourceTree = "<group>"; };
		B344041A21C6A9910091666F /* MeasurementPeriod.swift */ = {isa = PBXFileReference; lastKnownFileType = sourcecode.swift; path = MeasurementPeriod.swift; sourceTree = "<group>"; };
		B344041E21C6AD050091666F /* TableViewModel.swift */ = {isa = PBXFileReference; lastKnownFileType = sourcecode.swift; path = TableViewModel.swift; sourceTree = "<group>"; };
		B344042221C6BD8E0091666F /* ProgressView.swift */ = {isa = PBXFileReference; lastKnownFileType = sourcecode.swift; path = ProgressView.swift; sourceTree = "<group>"; };
		B344042421C6BDC10091666F /* ProgressView.xib */ = {isa = PBXFileReference; lastKnownFileType = file.xib; path = ProgressView.xib; sourceTree = "<group>"; };
		B344042621C6CADF0091666F /* RoundButton.swift */ = {isa = PBXFileReference; lastKnownFileType = sourcecode.swift; path = RoundButton.swift; sourceTree = "<group>"; };
		B3D9999621C3DABA005838EC /* CalendarDateCell.swift */ = {isa = PBXFileReference; lastKnownFileType = sourcecode.swift; path = CalendarDateCell.swift; sourceTree = "<group>"; };
		B3D9999821C3DBA4005838EC /* CalendarCell.swift */ = {isa = PBXFileReference; lastKnownFileType = sourcecode.swift; path = CalendarCell.swift; sourceTree = "<group>"; };
		B3D9999A21C3DC48005838EC /* ConfigurableCell.swift */ = {isa = PBXFileReference; lastKnownFileType = sourcecode.swift; path = ConfigurableCell.swift; sourceTree = "<group>"; };
		BF60ADD9358CD8D4B10A30FA /* Pods-Fitness Test App.release.xcconfig */ = {isa = PBXFileReference; includeInIndex = 1; lastKnownFileType = text.xcconfig; name = "Pods-Fitness Test App.release.xcconfig"; path = "Target Support Files/Pods-Fitness Test App/Pods-Fitness Test App.release.xcconfig"; sourceTree = "<group>"; };
/* End PBXFileReference section */

/* Begin PBXFrameworksBuildPhase section */
		B320225221C3CD95009CE08C /* Frameworks */ = {
			isa = PBXFrameworksBuildPhase;
			buildActionMask = 2147483647;
			files = (
				DF3C1EA0D676E4225E73C481 /* Pods_Fitness_Test_App.framework in Frameworks */,
			);
			runOnlyForDeploymentPostprocessing = 0;
		};
/* End PBXFrameworksBuildPhase section */

/* Begin PBXGroup section */
		62B3EAC0E55C0CD203484717 /* Frameworks */ = {
			isa = PBXGroup;
			children = (
				6D712A77BA2FFCE942688447 /* Pods_Fitness_Test_App.framework */,
			);
			name = Frameworks;
			sourceTree = "<group>";
		};
		B320224C21C3CD94009CE08C = {
			isa = PBXGroup;
			children = (
				B320225721C3CD96009CE08C /* Fitness Test App */,
				B320225621C3CD96009CE08C /* Products */,
				F8DDCF4AA88DA4707B3F6CDF /* Pods */,
				62B3EAC0E55C0CD203484717 /* Frameworks */,
			);
			sourceTree = "<group>";
		};
		B320225621C3CD96009CE08C /* Products */ = {
			isa = PBXGroup;
			children = (
				B320225521C3CD96009CE08C /* Fitness Test App.app */,
			);
			name = Products;
			sourceTree = "<group>";
		};
		B320225721C3CD96009CE08C /* Fitness Test App */ = {
			isa = PBXGroup;
			children = (
				B320225821C3CD96009CE08C /* AppDelegate.swift */,
				B320225A21C3CD96009CE08C /* ViewController.swift */,
				B344040F21C6A4250091666F /* CellConfigurator.swift */,
				B344042021C6BD5B0091666F /* View */,
				B344041E21C6AD050091666F /* TableViewModel.swift */,
				B344041121C6A7820091666F /* Model */,
				B320225C21C3CD97009CE08C /* Main.storyboard */,
				B320225F21C3CDCA009CE08C /* Assets.xcassets */,
				B320226121C3CDCA009CE08C /* LaunchScreen.storyboard */,
				B320226421C3CDCB009CE08C /* Info.plist */,
			);
			path = "Fitness Test App";
			sourceTree = "<group>";
		};
		B34403EE21C6877B0091666F /* TableViewCells */ = {
			isa = PBXGroup;
			children = (
				B3D9999A21C3DC48005838EC /* ConfigurableCell.swift */,
				B344040121C68ACF0091666F /* DefaultSectionHeader.swift */,
				B34403EF21C6879A0091666F /* Calendar */,
				B34403F121C688BD0091666F /* Training day */,
				B34403F421C689360091666F /* Steps */,
				B34403F521C689410091666F /* Water */,
				B34403F621C6894D0091666F /* Nutrition */,
				B34403F721C689630091666F /* Body Measurements */,
			);
			path = TableViewCells;
			sourceTree = "<group>";
		};
		B34403EF21C6879A0091666F /* Calendar */ = {
			isa = PBXGroup;
			children = (
				B3D9999621C3DABA005838EC /* CalendarDateCell.swift */,
				B3D9999821C3DBA4005838EC /* CalendarCell.swift */,
			);
			path = Calendar;
			sourceTree = "<group>";
		};
		B34403F121C688BD0091666F /* Training day */ = {
			isa = PBXGroup;
			children = (
				B34403F221C688F00091666F /* TrainingDayCell.swift */,
			);
			path = "Training day";
			sourceTree = "<group>";
		};
		B34403F421C689360091666F /* Steps */ = {
			isa = PBXGroup;
			children = (
				B34403F821C689840091666F /* StepCell.swift */,
			);
			path = Steps;
			sourceTree = "<group>";
		};
		B34403F521C689410091666F /* Water */ = {
			isa = PBXGroup;
			children = (
				B34403FA21C689B60091666F /* WaterCell.swift */,
			);
			path = Water;
			sourceTree = "<group>";
		};
		B34403F621C6894D0091666F /* Nutrition */ = {
			isa = PBXGroup;
			children = (
				B34403FC21C689FA0091666F /* NutritionCell.swift */,
			);
			path = Nutrition;
			sourceTree = "<group>";
		};
		B34403F721C689630091666F /* Body Measurements */ = {
			isa = PBXGroup;
			children = (
				B344040521C68C550091666F /* BodyMeasurementHeader.swift */,
				B34403FE21C68A570091666F /* BodyMeasurementCell.swift */,
				B344040821C68C9C0091666F /* BodyMeasurementFooter.swift */,
			);
			path = "Body Measurements";
			sourceTree = "<group>";
		};
		B344041121C6A7820091666F /* Model */ = {
			isa = PBXGroup;
			children = (
				B344041221C6A79A0091666F /* TrainingDay.swift */,
				B344041421C6A95E0091666F /* Steps.swift */,
				B344041621C6A97B0091666F /* Water.swift */,
				B344041821C6A9850091666F /* Measurement.swift */,
				B344041A21C6A9910091666F /* MeasurementPeriod.swift */,
			);
			path = Model;
			sourceTree = "<group>";
		};
		B344042021C6BD5B0091666F /* View */ = {
			isa = PBXGroup;
			children = (
				B344042121C6BD740091666F /* ProgressView */,
				B34403EE21C6877B0091666F /* TableViewCells */,
				B344042621C6CADF0091666F /* RoundButton.swift */,
			);
			path = View;
			sourceTree = "<group>";
		};
		B344042121C6BD740091666F /* ProgressView */ = {
			isa = PBXGroup;
			children = (
				B344042221C6BD8E0091666F /* ProgressView.swift */,
				B344042421C6BDC10091666F /* ProgressView.xib */,
			);
			path = ProgressView;
			sourceTree = "<group>";
		};
		F8DDCF4AA88DA4707B3F6CDF /* Pods */ = {
			isa = PBXGroup;
			children = (
				6CB4B6A6D46582A96DCE3797 /* Pods-Fitness Test App.debug.xcconfig */,
				BF60ADD9358CD8D4B10A30FA /* Pods-Fitness Test App.release.xcconfig */,
			);
			path = Pods;
			sourceTree = "<group>";
		};
/* End PBXGroup section */

/* Begin PBXNativeTarget section */
		B320225421C3CD95009CE08C /* Fitness Test App */ = {
			isa = PBXNativeTarget;
			buildConfigurationList = B320226721C3CDCB009CE08C /* Build configuration list for PBXNativeTarget "Fitness Test App" */;
			buildPhases = (
				6D83759F3D7AE176821222B8 /* [CP] Check Pods Manifest.lock */,
				B320225121C3CD95009CE08C /* Sources */,
				B320225221C3CD95009CE08C /* Frameworks */,
				B320225321C3CD95009CE08C /* Resources */,
				A73BA11E9814A425C3F06070 /* [CP] Embed Pods Frameworks */,
			);
			buildRules = (
			);
			dependencies = (
			);
			name = "Fitness Test App";
			productName = "Fitness Test App";
			productReference = B320225521C3CD96009CE08C /* Fitness Test App.app */;
			productType = "com.apple.product-type.application";
		};
/* End PBXNativeTarget section */

/* Begin PBXProject section */
		B320224D21C3CD95009CE08C /* Project object */ = {
			isa = PBXProject;
			attributes = {
				LastSwiftUpdateCheck = 1010;
				LastUpgradeCheck = 1010;
				ORGANIZATIONNAME = kpi;
				TargetAttributes = {
					B320225421C3CD95009CE08C = {
						CreatedOnToolsVersion = 10.1;
					};
				};
			};
			buildConfigurationList = B320225021C3CD95009CE08C /* Build configuration list for PBXProject "Fitness Test App" */;
			compatibilityVersion = "Xcode 9.3";
			developmentRegion = en;
			hasScannedForEncodings = 0;
			knownRegions = (
				en,
				Base,
			);
			mainGroup = B320224C21C3CD94009CE08C;
			productRefGroup = B320225621C3CD96009CE08C /* Products */;
			projectDirPath = "";
			projectRoot = "";
			targets = (
				B320225421C3CD95009CE08C /* Fitness Test App */,
			);
		};
/* End PBXProject section */

/* Begin PBXResourcesBuildPhase section */
		B320225321C3CD95009CE08C /* Resources */ = {
			isa = PBXResourcesBuildPhase;
			buildActionMask = 2147483647;
			files = (
				B320226321C3CDCA009CE08C /* LaunchScreen.storyboard in Resources */,
				B344042521C6BDC10091666F /* ProgressView.xib in Resources */,
				B320226021C3CDCA009CE08C /* Assets.xcassets in Resources */,
				B320225E21C3CD97009CE08C /* Main.storyboard in Resources */,
			);
			runOnlyForDeploymentPostprocessing = 0;
		};
/* End PBXResourcesBuildPhase section */

/* Begin PBXShellScriptBuildPhase section */
		6D83759F3D7AE176821222B8 /* [CP] Check Pods Manifest.lock */ = {
			isa = PBXShellScriptBuildPhase;
			buildActionMask = 2147483647;
			files = (
			);
			inputFileListPaths = (
			);
			inputPaths = (
				"${PODS_PODFILE_DIR_PATH}/Podfile.lock",
				"${PODS_ROOT}/Manifest.lock",
			);
			name = "[CP] Check Pods Manifest.lock";
			outputFileListPaths = (
			);
			outputPaths = (
				"$(DERIVED_FILE_DIR)/Pods-Fitness Test App-checkManifestLockResult.txt",
			);
			runOnlyForDeploymentPostprocessing = 0;
			shellPath = /bin/sh;
			shellScript = "diff \"${PODS_PODFILE_DIR_PATH}/Podfile.lock\" \"${PODS_ROOT}/Manifest.lock\" > /dev/null\nif [ $? != 0 ] ; then\n    # print error to STDERR\n    echo \"error: The sandbox is not in sync with the Podfile.lock. Run 'pod install' or update your CocoaPods installation.\" >&2\n    exit 1\nfi\n# This output is used by Xcode 'outputs' to avoid re-running this script phase.\necho \"SUCCESS\" > \"${SCRIPT_OUTPUT_FILE_0}\"\n";
			showEnvVarsInLog = 0;
		};
		A73BA11E9814A425C3F06070 /* [CP] Embed Pods Frameworks */ = {
			isa = PBXShellScriptBuildPhase;
			buildActionMask = 2147483647;
			files = (
			);
			inputFileListPaths = (
			);
			inputPaths = (
				"${PODS_ROOT}/Target Support Files/Pods-Fitness Test App/Pods-Fitness Test App-frameworks.sh",
				"${BUILT_PRODUCTS_DIR}/JTAppleCalendar/JTAppleCalendar.framework",
			);
			name = "[CP] Embed Pods Frameworks";
			outputFileListPaths = (
			);
			outputPaths = (
				"${TARGET_BUILD_DIR}/${FRAMEWORKS_FOLDER_PATH}/JTAppleCalendar.framework",
			);
			runOnlyForDeploymentPostprocessing = 0;
			shellPath = /bin/sh;
			shellScript = "\"${PODS_ROOT}/Target Support Files/Pods-Fitness Test App/Pods-Fitness Test App-frameworks.sh\"\n";
			showEnvVarsInLog = 0;
		};
/* End PBXShellScriptBuildPhase section */

/* Begin PBXSourcesBuildPhase section */
		B320225121C3CD95009CE08C /* Sources */ = {
			isa = PBXSourcesBuildPhase;
			buildActionMask = 2147483647;
			files = (
				B344040921C68C9C0091666F /* BodyMeasurementFooter.swift in Sources */,
				B320225B21C3CD96009CE08C /* ViewController.swift in Sources */,
				B3D9999721C3DABA005838EC /* CalendarDateCell.swift in Sources */,
				B344041721C6A97B0091666F /* Water.swift in Sources */,
				B344042721C6CADF0091666F /* RoundButton.swift in Sources */,
				B34403F321C688F00091666F /* TrainingDayCell.swift in Sources */,
				B344041021C6A4250091666F /* CellConfigurator.swift in Sources */,
				B34403F921C689840091666F /* StepCell.swift in Sources */,
				B3D9999921C3DBA4005838EC /* CalendarCell.swift in Sources */,
				B344041321C6A79A0091666F /* TrainingDay.swift in Sources */,
				B34403FD21C689FA0091666F /* NutritionCell.swift in Sources */,
				B344041921C6A9850091666F /* Measurement.swift in Sources */,
				B34403FB21C689B60091666F /* WaterCell.swift in Sources */,
				B344041521C6A95E0091666F /* Steps.swift in Sources */,
				B3D9999B21C3DC48005838EC /* ConfigurableCell.swift in Sources */,
				B344041F21C6AD050091666F /* TableViewModel.swift in Sources */,
				B344040221C68ACF0091666F /* DefaultSectionHeader.swift in Sources */,
				B34403FF21C68A570091666F /* BodyMeasurementCell.swift in Sources */,
				B344041B21C6A9910091666F /* MeasurementPeriod.swift in Sources */,
				B320225921C3CD96009CE08C /* AppDelegate.swift in Sources */,
				B344040621C68C550091666F /* BodyMeasurementHeader.swift in Sources */,
				B344042321C6BD8E0091666F /* ProgressView.swift in Sources */,
			);
			runOnlyForDeploymentPostprocessing = 0;
		};
/* End PBXSourcesBuildPhase section */

/* Begin PBXVariantGroup section */
		B320225C21C3CD97009CE08C /* Main.storyboard */ = {
			isa = PBXVariantGroup;
			children = (
				B320225D21C3CD97009CE08C /* Base */,
			);
			name = Main.storyboard;
			sourceTree = "<group>";
		};
		B320226121C3CDCA009CE08C /* LaunchScreen.storyboard */ = {
			isa = PBXVariantGroup;
			children = (
				B320226221C3CDCA009CE08C /* Base */,
			);
			name = LaunchScreen.storyboard;
			sourceTree = "<group>";
		};
/* End PBXVariantGroup section */

/* Begin XCBuildConfiguration section */
		B320226521C3CDCB009CE08C /* Debug */ = {
			isa = XCBuildConfiguration;
			buildSettings = {
				ALWAYS_SEARCH_USER_PATHS = NO;
				CLANG_ANALYZER_NONNULL = YES;
				CLANG_ANALYZER_NUMBER_OBJECT_CONVERSION = YES_AGGRESSIVE;
				CLANG_CXX_LANGUAGE_STANDARD = "gnu++14";
				CLANG_CXX_LIBRARY = "libc++";
				CLANG_ENABLE_MODULES = YES;
				CLANG_ENABLE_OBJC_ARC = YES;
				CLANG_ENABLE_OBJC_WEAK = YES;
				CLANG_WARN_BLOCK_CAPTURE_AUTORELEASING = YES;
				CLANG_WARN_BOOL_CONVERSION = YES;
				CLANG_WARN_COMMA = YES;
				CLANG_WARN_CONSTANT_CONVERSION = YES;
				CLANG_WARN_DEPRECATED_OBJC_IMPLEMENTATIONS = YES;
				CLANG_WARN_DIRECT_OBJC_ISA_USAGE = YES_ERROR;
				CLANG_WARN_DOCUMENTATION_COMMENTS = YES;
				CLANG_WARN_EMPTY_BODY = YES;
				CLANG_WARN_ENUM_CONVERSION = YES;
				CLANG_WARN_INFINITE_RECURSION = YES;
				CLANG_WARN_INT_CONVERSION = YES;
				CLANG_WARN_NON_LITERAL_NULL_CONVERSION = YES;
				CLANG_WARN_OBJC_IMPLICIT_RETAIN_SELF = YES;
				CLANG_WARN_OBJC_LITERAL_CONVERSION = YES;
				CLANG_WARN_OBJC_ROOT_CLASS = YES_ERROR;
				CLANG_WARN_RANGE_LOOP_ANALYSIS = YES;
				CLANG_WARN_STRICT_PROTOTYPES = YES;
				CLANG_WARN_SUSPICIOUS_MOVE = YES;
				CLANG_WARN_UNGUARDED_AVAILABILITY = YES_AGGRESSIVE;
				CLANG_WARN_UNREACHABLE_CODE = YES;
				CLANG_WARN__DUPLICATE_METHOD_MATCH = YES;
				CODE_SIGN_IDENTITY = "iPhone Developer";
				COPY_PHASE_STRIP = NO;
				DEBUG_INFORMATION_FORMAT = dwarf;
				ENABLE_STRICT_OBJC_MSGSEND = YES;
				ENABLE_TESTABILITY = YES;
				GCC_C_LANGUAGE_STANDARD = gnu11;
				GCC_DYNAMIC_NO_PIC = NO;
				GCC_NO_COMMON_BLOCKS = YES;
				GCC_OPTIMIZATION_LEVEL = 0;
				GCC_PREPROCESSOR_DEFINITIONS = (
					"DEBUG=1",
					"$(inherited)",
				);
				GCC_WARN_64_TO_32_BIT_CONVERSION = YES;
				GCC_WARN_ABOUT_RETURN_TYPE = YES_ERROR;
				GCC_WARN_UNDECLARED_SELECTOR = YES;
				GCC_WARN_UNINITIALIZED_AUTOS = YES_AGGRESSIVE;
				GCC_WARN_UNUSED_FUNCTION = YES;
				GCC_WARN_UNUSED_VARIABLE = YES;
				IPHONEOS_DEPLOYMENT_TARGET = 12.1;
				MTL_ENABLE_DEBUG_INFO = INCLUDE_SOURCE;
				MTL_FAST_MATH = YES;
				ONLY_ACTIVE_ARCH = YES;
				SDKROOT = iphoneos;
				SWIFT_ACTIVE_COMPILATION_CONDITIONS = DEBUG;
				SWIFT_OPTIMIZATION_LEVEL = "-Onone";
			};
			name = Debug;
		};
		B320226621C3CDCB009CE08C /* Release */ = {
			isa = XCBuildConfiguration;
			buildSettings = {
				ALWAYS_SEARCH_USER_PATHS = NO;
				CLANG_ANALYZER_NONNULL = YES;
				CLANG_ANALYZER_NUMBER_OBJECT_CONVERSION = YES_AGGRESSIVE;
				CLANG_CXX_LANGUAGE_STANDARD = "gnu++14";
				CLANG_CXX_LIBRARY = "libc++";
				CLANG_ENABLE_MODULES = YES;
				CLANG_ENABLE_OBJC_ARC = YES;
				CLANG_ENABLE_OBJC_WEAK = YES;
				CLANG_WARN_BLOCK_CAPTURE_AUTORELEASING = YES;
				CLANG_WARN_BOOL_CONVERSION = YES;
				CLANG_WARN_COMMA = YES;
				CLANG_WARN_CONSTANT_CONVERSION = YES;
				CLANG_WARN_DEPRECATED_OBJC_IMPLEMENTATIONS = YES;
				CLANG_WARN_DIRECT_OBJC_ISA_USAGE = YES_ERROR;
				CLANG_WARN_DOCUMENTATION_COMMENTS = YES;
				CLANG_WARN_EMPTY_BODY = YES;
				CLANG_WARN_ENUM_CONVERSION = YES;
				CLANG_WARN_INFINITE_RECURSION = YES;
				CLANG_WARN_INT_CONVERSION = YES;
				CLANG_WARN_NON_LITERAL_NULL_CONVERSION = YES;
				CLANG_WARN_OBJC_IMPLICIT_RETAIN_SELF = YES;
				CLANG_WARN_OBJC_LITERAL_CONVERSION = YES;
				CLANG_WARN_OBJC_ROOT_CLASS = YES_ERROR;
				CLANG_WARN_RANGE_LOOP_ANALYSIS = YES;
				CLANG_WARN_STRICT_PROTOTYPES = YES;
				CLANG_WARN_SUSPICIOUS_MOVE = YES;
				CLANG_WARN_UNGUARDED_AVAILABILITY = YES_AGGRESSIVE;
				CLANG_WARN_UNREACHABLE_CODE = YES;
				CLANG_WARN__DUPLICATE_METHOD_MATCH = YES;
				CODE_SIGN_IDENTITY = "iPhone Developer";
				COPY_PHASE_STRIP = NO;
				DEBUG_INFORMATION_FORMAT = "dwarf-with-dsym";
				ENABLE_NS_ASSERTIONS = NO;
				ENABLE_STRICT_OBJC_MSGSEND = YES;
				GCC_C_LANGUAGE_STANDARD = gnu11;
				GCC_NO_COMMON_BLOCKS = YES;
				GCC_WARN_64_TO_32_BIT_CONVERSION = YES;
				GCC_WARN_ABOUT_RETURN_TYPE = YES_ERROR;
				GCC_WARN_UNDECLARED_SELECTOR = YES;
				GCC_WARN_UNINITIALIZED_AUTOS = YES_AGGRESSIVE;
				GCC_WARN_UNUSED_FUNCTION = YES;
				GCC_WARN_UNUSED_VARIABLE = YES;
				IPHONEOS_DEPLOYMENT_TARGET = 12.1;
				MTL_ENABLE_DEBUG_INFO = NO;
				MTL_FAST_MATH = YES;
				SDKROOT = iphoneos;
				SWIFT_COMPILATION_MODE = wholemodule;
				SWIFT_OPTIMIZATION_LEVEL = "-O";
				VALIDATE_PRODUCT = YES;
			};
			name = Release;
		};
		B320226821C3CDCB009CE08C /* Debug */ = {
			isa = XCBuildConfiguration;
			baseConfigurationReference = 6CB4B6A6D46582A96DCE3797 /* Pods-Fitness Test App.debug.xcconfig */;
			buildSettings = {
				ASSETCATALOG_COMPILER_APPICON_NAME = AppIcon;
				CODE_SIGN_STYLE = Automatic;
				DEVELOPMENT_TEAM = 8N949X2SJZ;
				INFOPLIST_FILE = "Fitness Test App/Info.plist";
				LD_RUNPATH_SEARCH_PATHS = (
					"$(inherited)",
					"@executable_path/Frameworks",
				);
				PRODUCT_BUNDLE_IDENTIFIER = "scales.Fitness-Test-App";
				PRODUCT_NAME = "$(TARGET_NAME)";
				SWIFT_VERSION = 4.2;
				TARGETED_DEVICE_FAMILY = "1,2";
			};
			name = Debug;
		};
		B320226921C3CDCB009CE08C /* Release */ = {
			isa = XCBuildConfiguration;
			baseConfigurationReference = BF60ADD9358CD8D4B10A30FA /* Pods-Fitness Test App.release.xcconfig */;
			buildSettings = {
				ASSETCATALOG_COMPILER_APPICON_NAME = AppIcon;
				CODE_SIGN_STYLE = Automatic;
				DEVELOPMENT_TEAM = 8N949X2SJZ;
				INFOPLIST_FILE = "Fitness Test App/Info.plist";
				LD_RUNPATH_SEARCH_PATHS = (
					"$(inherited)",
					"@executable_path/Frameworks",
				);
				PRODUCT_BUNDLE_IDENTIFIER = "scales.Fitness-Test-App";
				PRODUCT_NAME = "$(TARGET_NAME)";
				SWIFT_VERSION = 4.2;
				TARGETED_DEVICE_FAMILY = "1,2";
			};
			name = Release;
		};
/* End XCBuildConfiguration section */

/* Begin XCConfigurationList section */
		B320225021C3CD95009CE08C /* Build configuration list for PBXProject "Fitness Test App" */ = {
			isa = XCConfigurationList;
			buildConfigurations = (
				B320226521C3CDCB009CE08C /* Debug */,
				B320226621C3CDCB009CE08C /* Release */,
			);
			defaultConfigurationIsVisible = 0;
			defaultConfigurationName = Release;
		};
		B320226721C3CDCB009CE08C /* Build configuration list for PBXNativeTarget "Fitness Test App" */ = {
			isa = XCConfigurationList;
			buildConfigurations = (
				B320226821C3CDCB009CE08C /* Debug */,
				B320226921C3CDCB009CE08C /* Release */,
			);
			defaultConfigurationIsVisible = 0;
			defaultConfigurationName = Release;
		};
/* End XCConfigurationList section */
	};
	rootObject = B320224D21C3CD95009CE08C /* Project object */;
}
